// !$*UTF8*$!
{
	archiveVersion = 1;
	classes = {
	};
	objectVersion = 50;
	objects = {

/* Begin PBXBuildFile section */
		AB724048258CB6B30004E7EB /* MyMessageApp.swift in Sources */ = {isa = PBXBuildFile; fileRef = AB724047258CB6B30004E7EB /* MyMessageApp.swift */; };
		AB72404A258CB6B30004E7EB /* ContentView.swift in Sources */ = {isa = PBXBuildFile; fileRef = AB724049258CB6B30004E7EB /* ContentView.swift */; };
		AB72404C258CB6BE0004E7EB /* Assets.xcassets in Resources */ = {isa = PBXBuildFile; fileRef = AB72404B258CB6BE0004E7EB /* Assets.xcassets */; };
		AB72404F258CB6BE0004E7EB /* Preview Assets.xcassets in Resources */ = {isa = PBXBuildFile; fileRef = AB72404E258CB6BE0004E7EB /* Preview Assets.xcassets */; };
		AB72405E258CB87F0004E7EB /* Messages.framework in Frameworks */ = {isa = PBXBuildFile; fileRef = AB72405D258CB87F0004E7EB /* Messages.framework */; };
		AB724061258CB87F0004E7EB /* MessagesViewController.swift in Sources */ = {isa = PBXBuildFile; fileRef = AB724060258CB87F0004E7EB /* MessagesViewController.swift */; };
		AB724064258CB87F0004E7EB /* MainInterface.storyboard in Resources */ = {isa = PBXBuildFile; fileRef = AB724062258CB87F0004E7EB /* MainInterface.storyboard */; };
		AB724066258CB8800004E7EB /* Assets.xcassets in Resources */ = {isa = PBXBuildFile; fileRef = AB724065258CB8800004E7EB /* Assets.xcassets */; };
		AB72406A258CB8800004E7EB /* MyMessageExt.appex in Embed App Extensions */ = {isa = PBXBuildFile; fileRef = AB72405B258CB87F0004E7EB /* MyMessageExt.appex */; settings = {ATTRIBUTES = (RemoveHeadersOnCopy, ); }; };
/* End PBXBuildFile section */

/* Begin PBXContainerItemProxy section */
		AB724068258CB8800004E7EB /* PBXContainerItemProxy */ = {
			isa = PBXContainerItemProxy;
			containerPortal = AB72403C258CB6B30004E7EB /* Project object */;
			proxyType = 1;
			remoteGlobalIDString = AB72405A258CB87F0004E7EB;
			remoteInfo = MyMessageExt;
		};
/* End PBXContainerItemProxy section */

/* Begin PBXCopyFilesBuildPhase section */
		AB72406E258CB8800004E7EB /* Embed App Extensions */ = {
			isa = PBXCopyFilesBuildPhase;
			buildActionMask = 2147483647;
			dstPath = "";
			dstSubfolderSpec = 13;
			files = (
				AB72406A258CB8800004E7EB /* MyMessageExt.appex in Embed App Extensions */,
			);
			name = "Embed App Extensions";
			runOnlyForDeploymentPostprocessing = 0;
		};
/* End PBXCopyFilesBuildPhase section */

/* Begin PBXFileReference section */
		AB724044258CB6B30004E7EB /* MyMessage.app */ = {isa = PBXFileReference; explicitFileType = wrapper.application; includeInIndex = 0; path = MyMessage.app; sourceTree = BUILT_PRODUCTS_DIR; };
		AB724047258CB6B30004E7EB /* MyMessageApp.swift */ = {isa = PBXFileReference; lastKnownFileType = sourcecode.swift; path = MyMessageApp.swift; sourceTree = "<group>"; };
		AB724049258CB6B30004E7EB /* ContentView.swift */ = {isa = PBXFileReference; lastKnownFileType = sourcecode.swift; path = ContentView.swift; sourceTree = "<group>"; };
		AB72404B258CB6BE0004E7EB /* Assets.xcassets */ = {isa = PBXFileReference; lastKnownFileType = folder.assetcatalog; path = Assets.xcassets; sourceTree = "<group>"; };
		AB72404E258CB6BE0004E7EB /* Preview Assets.xcassets */ = {isa = PBXFileReference; lastKnownFileType = folder.assetcatalog; path = "Preview Assets.xcassets"; sourceTree = "<group>"; };
		AB724050258CB6BE0004E7EB /* Info.plist */ = {isa = PBXFileReference; lastKnownFileType = text.plist.xml; path = Info.plist; sourceTree = "<group>"; };
		AB72405B258CB87F0004E7EB /* MyMessageExt.appex */ = {isa = PBXFileReference; explicitFileType = "wrapper.app-extension"; includeInIndex = 0; path = MyMessageExt.appex; sourceTree = BUILT_PRODUCTS_DIR; };
		AB72405D258CB87F0004E7EB /* Messages.framework */ = {isa = PBXFileReference; lastKnownFileType = wrapper.framework; name = Messages.framework; path = System/Library/Frameworks/Messages.framework; sourceTree = SDKROOT; };
		AB724060258CB87F0004E7EB /* MessagesViewController.swift */ = {isa = PBXFileReference; lastKnownFileType = sourcecode.swift; path = MessagesViewController.swift; sourceTree = "<group>"; };
		AB724063258CB87F0004E7EB /* Base */ = {isa = PBXFileReference; lastKnownFileType = file.storyboard; name = Base; path = Base.lproj/MainInterface.storyboard; sourceTree = "<group>"; };
		AB724065258CB8800004E7EB /* Assets.xcassets */ = {isa = PBXFileReference; lastKnownFileType = folder.assetcatalog; path = Assets.xcassets; sourceTree = "<group>"; };
		AB724067258CB8800004E7EB /* Info.plist */ = {isa = PBXFileReference; lastKnownFileType = text.plist.xml; path = Info.plist; sourceTree = "<group>"; };
/* End PBXFileReference section */

/* Begin PBXFrameworksBuildPhase section */
		AB724041258CB6B30004E7EB /* Frameworks */ = {
			isa = PBXFrameworksBuildPhase;
			buildActionMask = 2147483647;
			files = (
			);
			runOnlyForDeploymentPostprocessing = 0;
		};
		AB724058258CB87F0004E7EB /* Frameworks */ = {
			isa = PBXFrameworksBuildPhase;
			buildActionMask = 2147483647;
			files = (
				AB72405E258CB87F0004E7EB /* Messages.framework in Frameworks */,
			);
			runOnlyForDeploymentPostprocessing = 0;
		};
/* End PBXFrameworksBuildPhase section */

/* Begin PBXGroup section */
		AB72403B258CB6B30004E7EB = {
			isa = PBXGroup;
			children = (
				AB724046258CB6B30004E7EB /* MyMessage */,
				AB72405F258CB87F0004E7EB /* MyMessageExt */,
				AB72405C258CB87F0004E7EB /* Frameworks */,
				AB724045258CB6B30004E7EB /* Products */,
			);
			sourceTree = "<group>";
		};
		AB724045258CB6B30004E7EB /* Products */ = {
			isa = PBXGroup;
			children = (
				AB724044258CB6B30004E7EB /* MyMessage.app */,
				AB72405B258CB87F0004E7EB /* MyMessageExt.appex */,
			);
			name = Products;
			sourceTree = "<group>";
		};
		AB724046258CB6B30004E7EB /* MyMessage */ = {
			isa = PBXGroup;
			children = (
				AB724047258CB6B30004E7EB /* MyMessageApp.swift */,
				AB724049258CB6B30004E7EB /* ContentView.swift */,
				AB72404B258CB6BE0004E7EB /* Assets.xcassets */,
				AB724050258CB6BE0004E7EB /* Info.plist */,
				AB72404D258CB6BE0004E7EB /* Preview Content */,
			);
			path = MyMessage;
			sourceTree = "<group>";
		};
		AB72404D258CB6BE0004E7EB /* Preview Content */ = {
			isa = PBXGroup;
			children = (
				AB72404E258CB6BE0004E7EB /* Preview Assets.xcassets */,
			);
			path = "Preview Content";
			sourceTree = "<group>";
		};
		AB72405C258CB87F0004E7EB /* Frameworks */ = {
			isa = PBXGroup;
			children = (
				AB72405D258CB87F0004E7EB /* Messages.framework */,
			);
			name = Frameworks;
			sourceTree = "<group>";
		};
		AB72405F258CB87F0004E7EB /* MyMessageExt */ = {
			isa = PBXGroup;
			children = (
				AB724060258CB87F0004E7EB /* MessagesViewController.swift */,
				AB724062258CB87F0004E7EB /* MainInterface.storyboard */,
				AB724065258CB8800004E7EB /* Assets.xcassets */,
				AB724067258CB8800004E7EB /* Info.plist */,
			);
			path = MyMessageExt;
			sourceTree = "<group>";
		};
/* End PBXGroup section */

/* Begin PBXNativeTarget section */
		AB724043258CB6B30004E7EB /* MyMessage */ = {
			isa = PBXNativeTarget;
			buildConfigurationList = AB724053258CB6BE0004E7EB /* Build configuration list for PBXNativeTarget "MyMessage" */;
			buildPhases = (
				AB724040258CB6B30004E7EB /* Sources */,
				AB724041258CB6B30004E7EB /* Frameworks */,
				AB724042258CB6B30004E7EB /* Resources */,
				AB72406E258CB8800004E7EB /* Embed App Extensions */,
			);
			buildRules = (
			);
			dependencies = (
				AB724069258CB8800004E7EB /* PBXTargetDependency */,
			);
			name = MyMessage;
			productName = MyMessage;
			productReference = AB724044258CB6B30004E7EB /* MyMessage.app */;
			productType = "com.apple.product-type.application";
		};
		AB72405A258CB87F0004E7EB /* MyMessageExt */ = {
			isa = PBXNativeTarget;
			buildConfigurationList = AB72406B258CB8800004E7EB /* Build configuration list for PBXNativeTarget "MyMessageExt" */;
			buildPhases = (
				AB724057258CB87F0004E7EB /* Sources */,
				AB724058258CB87F0004E7EB /* Frameworks */,
				AB724059258CB87F0004E7EB /* Resources */,
			);
			buildRules = (
			);
			dependencies = (
			);
			name = MyMessageExt;
			productName = MyMessageExt;
			productReference = AB72405B258CB87F0004E7EB /* MyMessageExt.appex */;
			productType = "com.apple.product-type.app-extension.messages";
		};
/* End PBXNativeTarget section */

/* Begin PBXProject section */
		AB72403C258CB6B30004E7EB /* Project object */ = {
			isa = PBXProject;
			attributes = {
				LastSwiftUpdateCheck = 1220;
				LastUpgradeCheck = 1220;
				TargetAttributes = {
					AB724043258CB6B30004E7EB = {
						CreatedOnToolsVersion = 12.2;
					};
					AB72405A258CB87F0004E7EB = {
						CreatedOnToolsVersion = 12.2;
					};
				};
			};
			buildConfigurationList = AB72403F258CB6B30004E7EB /* Build configuration list for PBXProject "MyMessage" */;
			compatibilityVersion = "Xcode 9.3";
			developmentRegion = en;
			hasScannedForEncodings = 0;
			knownRegions = (
				en,
				Base,
			);
			mainGroup = AB72403B258CB6B30004E7EB;
			productRefGroup = AB724045258CB6B30004E7EB /* Products */;
			projectDirPath = "";
			projectRoot = "";
			targets = (
				AB724043258CB6B30004E7EB /* MyMessage */,
				AB72405A258CB87F0004E7EB /* MyMessageExt */,
			);
		};
/* End PBXProject section */

/* Begin PBXResourcesBuildPhase section */
		AB724042258CB6B30004E7EB /* Resources */ = {
			isa = PBXResourcesBuildPhase;
			buildActionMask = 2147483647;
			files = (
				AB72404F258CB6BE0004E7EB /* Preview Assets.xcassets in Resources */,
				AB72404C258CB6BE0004E7EB /* Assets.xcassets in Resources */,
			);
			runOnlyForDeploymentPostprocessing = 0;
		};
		AB724059258CB87F0004E7EB /* Resources */ = {
			isa = PBXResourcesBuildPhase;
			buildActionMask = 2147483647;
			files = (
				AB724066258CB8800004E7EB /* Assets.xcassets in Resources */,
				AB724064258CB87F0004E7EB /* MainInterface.storyboard in Resources */,
			);
			runOnlyForDeploymentPostprocessing = 0;
		};
/* End PBXResourcesBuildPhase section */

/* Begin PBXSourcesBuildPhase section */
		AB724040258CB6B30004E7EB /* Sources */ = {
			isa = PBXSourcesBuildPhase;
			buildActionMask = 2147483647;
			files = (
				AB72404A258CB6B30004E7EB /* ContentView.swift in Sources */,
				AB724048258CB6B30004E7EB /* MyMessageApp.swift in Sources */,
			);
			runOnlyForDeploymentPostprocessing = 0;
		};
		AB724057258CB87F0004E7EB /* Sources */ = {
			isa = PBXSourcesBuildPhase;
			buildActionMask = 2147483647;
			files = (
				AB724061258CB87F0004E7EB /* MessagesViewController.swift in Sources */,
			);
			runOnlyForDeploymentPostprocessing = 0;
		};
/* End PBXSourcesBuildPhase section */

/* Begin PBXTargetDependency section */
		AB724069258CB8800004E7EB /* PBXTargetDependency */ = {
			isa = PBXTargetDependency;
			target = AB72405A258CB87F0004E7EB /* MyMessageExt */;
			targetProxy = AB724068258CB8800004E7EB /* PBXContainerItemProxy */;
		};
/* End PBXTargetDependency section */

/* Begin PBXVariantGroup section */
		AB724062258CB87F0004E7EB /* MainInterface.storyboard */ = {
			isa = PBXVariantGroup;
			children = (
				AB724063258CB87F0004E7EB /* Base */,
			);
			name = MainInterface.storyboard;
			sourceTree = "<group>";
		};
/* End PBXVariantGroup section */

/* Begin XCBuildConfiguration section */
		AB724051258CB6BE0004E7EB /* Debug */ = {
			isa = XCBuildConfiguration;
			buildSettings = {
				ALWAYS_SEARCH_USER_PATHS = NO;
				CLANG_ANALYZER_NONNULL = YES;
				CLANG_ANALYZER_NUMBER_OBJECT_CONVERSION = YES_AGGRESSIVE;
				CLANG_CXX_LANGUAGE_STANDARD = "gnu++14";
				CLANG_CXX_LIBRARY = "libc++";
				CLANG_ENABLE_MODULES = YES;
				CLANG_ENABLE_OBJC_ARC = YES;
				CLANG_ENABLE_OBJC_WEAK = YES;
				CLANG_WARN_BLOCK_CAPTURE_AUTORELEASING = YES;
				CLANG_WARN_BOOL_CONVERSION = YES;
				CLANG_WARN_COMMA = YES;
				CLANG_WARN_CONSTANT_CONVERSION = YES;
				CLANG_WARN_DEPRECATED_OBJC_IMPLEMENTATIONS = YES;
				CLANG_WARN_DIRECT_OBJC_ISA_USAGE = YES_ERROR;
				CLANG_WARN_DOCUMENTATION_COMMENTS = YES;
				CLANG_WARN_EMPTY_BODY = YES;
				CLANG_WARN_ENUM_CONVERSION = YES;
				CLANG_WARN_INFINITE_RECURSION = YES;
				CLANG_WARN_INT_CONVERSION = YES;
				CLANG_WARN_NON_LITERAL_NULL_CONVERSION = YES;
				CLANG_WARN_OBJC_IMPLICIT_RETAIN_SELF = YES;
				CLANG_WARN_OBJC_LITERAL_CONVERSION = YES;
				CLANG_WARN_OBJC_ROOT_CLASS = YES_ERROR;
				CLANG_WARN_QUOTED_INCLUDE_IN_FRAMEWORK_HEADER = YES;
				CLANG_WARN_RANGE_LOOP_ANALYSIS = YES;
				CLANG_WARN_STRICT_PROTOTYPES = YES;
				CLANG_WARN_SUSPICIOUS_MOVE = YES;
				CLANG_WARN_UNGUARDED_AVAILABILITY = YES_AGGRESSIVE;
				CLANG_WARN_UNREACHABLE_CODE = YES;
				CLANG_WARN__DUPLICATE_METHOD_MATCH = YES;
				COPY_PHASE_STRIP = NO;
				DEBUG_INFORMATION_FORMAT = dwarf;
				ENABLE_STRICT_OBJC_MSGSEND = YES;
				ENABLE_TESTABILITY = YES;
				GCC_C_LANGUAGE_STANDARD = gnu11;
				GCC_DYNAMIC_NO_PIC = NO;
				GCC_NO_COMMON_BLOCKS = YES;
				GCC_OPTIMIZATION_LEVEL = 0;
				GCC_PREPROCESSOR_DEFINITIONS = (
					"DEBUG=1",
					"$(inherited)",
				);
				GCC_WARN_64_TO_32_BIT_CONVERSION = YES;
				GCC_WARN_ABOUT_RETURN_TYPE = YES_ERROR;
				GCC_WARN_UNDECLARED_SELECTOR = YES;
				GCC_WARN_UNINITIALIZED_AUTOS = YES_AGGRESSIVE;
				GCC_WARN_UNUSED_FUNCTION = YES;
				GCC_WARN_UNUSED_VARIABLE = YES;
				IPHONEOS_DEPLOYMENT_TARGET = 14.2;
				MTL_ENABLE_DEBUG_INFO = INCLUDE_SOURCE;
				MTL_FAST_MATH = YES;
				ONLY_ACTIVE_ARCH = YES;
				SDKROOT = iphoneos;
				SWIFT_ACTIVE_COMPILATION_CONDITIONS = DEBUG;
				SWIFT_OPTIMIZATION_LEVEL = "-Onone";
			};
			name = Debug;
		};
		AB724052258CB6BE0004E7EB /* Release */ = {
			isa = XCBuildConfiguration;
			buildSettings = {
				ALWAYS_SEARCH_USER_PATHS = NO;
				CLANG_ANALYZER_NONNULL = YES;
				CLANG_ANALYZER_NUMBER_OBJECT_CONVERSION = YES_AGGRESSIVE;
				CLANG_CXX_LANGUAGE_STANDARD = "gnu++14";
				CLANG_CXX_LIBRARY = "libc++";
				CLANG_ENABLE_MODULES = YES;
				CLANG_ENABLE_OBJC_ARC = YES;
				CLANG_ENABLE_OBJC_WEAK = YES;
				CLANG_WARN_BLOCK_CAPTURE_AUTORELEASING = YES;
				CLANG_WARN_BOOL_CONVERSION = YES;
				CLANG_WARN_COMMA = YES;
				CLANG_WARN_CONSTANT_CONVERSION = YES;
				CLANG_WARN_DEPRECATED_OBJC_IMPLEMENTATIONS = YES;
				CLANG_WARN_DIRECT_OBJC_ISA_USAGE = YES_ERROR;
				CLANG_WARN_DOCUMENTATION_COMMENTS = YES;
				CLANG_WARN_EMPTY_BODY = YES;
				CLANG_WARN_ENUM_CONVERSION = YES;
				CLANG_WARN_INFINITE_RECURSION = YES;
				CLANG_WARN_INT_CONVERSION = YES;
				CLANG_WARN_NON_LITERAL_NULL_CONVERSION = YES;
				CLANG_WARN_OBJC_IMPLICIT_RETAIN_SELF = YES;
				CLANG_WARN_OBJC_LITERAL_CONVERSION = YES;
				CLANG_WARN_OBJC_ROOT_CLASS = YES_ERROR;
				CLANG_WARN_QUOTED_INCLUDE_IN_FRAMEWORK_HEADER = YES;
				CLANG_WARN_RANGE_LOOP_ANALYSIS = YES;
				CLANG_WARN_STRICT_PROTOTYPES = YES;
				CLANG_WARN_SUSPICIOUS_MOVE = YES;
				CLANG_WARN_UNGUARDED_AVAILABILITY = YES_AGGRESSIVE;
				CLANG_WARN_UNREACHABLE_CODE = YES;
				CLANG_WARN__DUPLICATE_METHOD_MATCH = YES;
				COPY_PHASE_STRIP = NO;
				DEBUG_INFORMATION_FORMAT = "dwarf-with-dsym";
				ENABLE_NS_ASSERTIONS = NO;
				ENABLE_STRICT_OBJC_MSGSEND = YES;
				GCC_C_LANGUAGE_STANDARD = gnu11;
				GCC_NO_COMMON_BLOCKS = YES;
				GCC_WARN_64_TO_32_BIT_CONVERSION = YES;
				GCC_WARN_ABOUT_RETURN_TYPE = YES_ERROR;
				GCC_WARN_UNDECLARED_SELECTOR = YES;
				GCC_WARN_UNINITIALIZED_AUTOS = YES_AGGRESSIVE;
				GCC_WARN_UNUSED_FUNCTION = YES;
				GCC_WARN_UNUSED_VARIABLE = YES;
				IPHONEOS_DEPLOYMENT_TARGET = 14.2;
				MTL_ENABLE_DEBUG_INFO = NO;
				MTL_FAST_MATH = YES;
				SDKROOT = iphoneos;
				SWIFT_COMPILATION_MODE = wholemodule;
				SWIFT_OPTIMIZATION_LEVEL = "-O";
				VALIDATE_PRODUCT = YES;
			};
			name = Release;
		};
		AB724054258CB6BE0004E7EB /* Debug */ = {
			isa = XCBuildConfiguration;
			buildSettings = {
				ALWAYS_EMBED_SWIFT_STANDARD_LIBRARIES = YES;
				ASSETCATALOG_COMPILER_APPICON_NAME = AppIcon;
				ASSETCATALOG_COMPILER_GLOBAL_ACCENT_COLOR_NAME = AccentColor;
				CODE_SIGN_STYLE = Automatic;
				DEVELOPMENT_ASSET_PATHS = "\"MyMessage/Preview Content\"";
				ENABLE_PREVIEWS = YES;
				INFOPLIST_FILE = MyMessage/Info.plist;
				IPHONEOS_DEPLOYMENT_TARGET = 14.0;
				LD_RUNPATH_SEARCH_PATHS = (
					"$(inherited)",
					"@executable_path/Frameworks",
				);
				PRODUCT_BUNDLE_IDENTIFIER = se.magictechnology.MyMessage;
				PRODUCT_NAME = "$(TARGET_NAME)";
				SWIFT_VERSION = 5.0;
				TARGETED_DEVICE_FAMILY = "1,2";
			};
			name = Debug;
		};
		AB724055258CB6BE0004E7EB /* Release */ = {
			isa = XCBuildConfiguration;
			buildSettings = {
				ALWAYS_EMBED_SWIFT_STANDARD_LIBRARIES = YES;
				ASSETCATALOG_COMPILER_APPICON_NAME = AppIcon;
				ASSETCATALOG_COMPILER_GLOBAL_ACCENT_COLOR_NAME = AccentColor;
				CODE_SIGN_STYLE = Automatic;
				DEVELOPMENT_ASSET_PATHS = "\"MyMessage/Preview Content\"";
				ENABLE_PREVIEWS = YES;
				INFOPLIST_FILE = MyMessage/Info.plist;
				IPHONEOS_DEPLOYMENT_TARGET = 14.0;
				LD_RUNPATH_SEARCH_PATHS = (
					"$(inherited)",
					"@executable_path/Frameworks",
				);
				PRODUCT_BUNDLE_IDENTIFIER = se.magictechnology.MyMessage;
				PRODUCT_NAME = "$(TARGET_NAME)";
				SWIFT_VERSION = 5.0;
				TARGETED_DEVICE_FAMILY = "1,2";
			};
			name = Release;
		};
		AB72406C258CB8800004E7EB /* Debug */ = {
			isa = XCBuildConfiguration;
			buildSettings = {
				ASSETCATALOG_COMPILER_APPICON_NAME = "iMessage App Icon";
				CODE_SIGN_STYLE = Automatic;
				INFOPLIST_FILE = MyMessageExt/Info.plist;
				LD_RUNPATH_SEARCH_PATHS = (
					"$(inherited)",
					"@executable_path/Frameworks",
					"@executable_path/../../Frameworks",
				);
				PRODUCT_BUNDLE_IDENTIFIER = se.magictechnology.MyMessage.MyMessageExt;
				PRODUCT_NAME = "$(TARGET_NAME)";
				SKIP_INSTALL = YES;
				SWIFT_VERSION = 5.0;
				TARGETED_DEVICE_FAMILY = "1,2";
			};
			name = Debug;
		};
		AB72406D258CB8800004E7EB /* Release */ = {
			isa = XCBuildConfiguration;
			buildSettings = {
				ASSETCATALOG_COMPILER_APPICON_NAME = "iMessage App Icon";
				CODE_SIGN_STYLE = Automatic;
				INFOPLIST_FILE = MyMessageExt/Info.plist;
				LD_RUNPATH_SEARCH_PATHS = (
					"$(inherited)",
					"@executable_path/Frameworks",
					"@executable_path/../../Frameworks",
				);
				PRODUCT_BUNDLE_IDENTIFIER = se.magictechnology.MyMessage.MyMessageExt;
				PRODUCT_NAME = "$(TARGET_NAME)";
				SKIP_INSTALL = YES;
				SWIFT_VERSION = 5.0;
				TARGETED_DEVICE_FAMILY = "1,2";
			};
			name = Release;
		};
/* End XCBuildConfiguration section */

/* Begin XCConfigurationList section */
		AB72403F258CB6B30004E7EB /* Build configuration list for PBXProject "MyMessage" */ = {
			isa = XCConfigurationList;
			buildConfigurations = (
				AB724051258CB6BE0004E7EB /* Debug */,
				AB724052258CB6BE0004E7EB /* Release */,
			);
			defaultConfigurationIsVisible = 0;
			defaultConfigurationName = Release;
		};
		AB724053258CB6BE0004E7EB /* Build configuration list for PBXNativeTarget "MyMessage" */ = {
			isa = XCConfigurationList;
			buildConfigurations = (
				AB724054258CB6BE0004E7EB /* Debug */,
				AB724055258CB6BE0004E7EB /* Release */,
			);
			defaultConfigurationIsVisible = 0;
			defaultConfigurationName = Release;
		};
		AB72406B258CB8800004E7EB /* Build configuration list for PBXNativeTarget "MyMessageExt" */ = {
			isa = XCConfigurationList;
			buildConfigurations = (
				AB72406C258CB8800004E7EB /* Debug */,
				AB72406D258CB8800004E7EB /* Release */,
			);
			defaultConfigurationIsVisible = 0;
			defaultConfigurationName = Release;
		};
/* End XCConfigurationList section */
	};
	rootObject = AB72403C258CB6B30004E7EB /* Project object */;
}
